
Microsoft Visual Studio Solution File, Format Version 12.00
# Visual Studio Version 16
VisualStudioVersion = 16.0.29728.190
MinimumVisualStudioVersion = 10.0.40219.1
Project("{FAE04EC0-301F-11D3-BF4B-00C04F79EFBC}") = "SchuBS IT 2020", "SchuBS IT 2020\SchuBS IT 2020.csproj", "{A5DFED2B-F785-4C51-8080-0411CF4275A3}"
EndProject
Global
	GlobalSection(SolutionConfigurationPlatforms) = preSolution
		Debug|Any CPU = Debug|Any CPU
		Release|Any CPU = Release|Any CPU
	EndGlobalSection
	GlobalSection(ProjectConfigurationPlatforms) = postSolution
		{A5DFED2B-F785-4C51-8080-0411CF4275A3}.Debug|Any CPU.ActiveCfg = Debug|Any CPU
		{A5DFED2B-F785-4C51-8080-0411CF4275A3}.Debug|Any CPU.Build.0 = Debug|Any CPU
		{A5DFED2B-F785-4C51-8080-0411CF4275A3}.Release|Any CPU.ActiveCfg = Release|Any CPU
		{A5DFED2B-F785-4C51-8080-0411CF4275A3}.Release|Any CPU.Build.0 = Release|Any CPU
	EndGlobalSection
	GlobalSection(SolutionProperties) = preSolution
		HideSolutionNode = FALSE
	EndGlobalSection
	GlobalSection(ExtensibilityGlobals) = postSolution
		SolutionGuid = {EDFD89CD-B2A5-4661-B89D-4B38881A5C79}
	EndGlobalSection
EndGlobal
