
Microsoft Visual Studio Solution File, Format Version 12.00
# Visual Studio Version 16
VisualStudioVersion = 16.0.29926.136
MinimumVisualStudioVersion = 10.0.40219.1
Project("{FAE04EC0-301F-11D3-BF4B-00C04F79EFBC}") = "SchuBS-Textadventure", "SchuBS-Textadventure\SchuBS-Textadventure.csproj", "{2EA46F78-EC30-45A6-B33E-FBF26BB37CBE}"
EndProject
Project("{FAE04EC0-301F-11D3-BF4B-00C04F79EFBC}") = "SchuBS-Textadventure-Funktionen", "SchuBS-Textadventure-Funktionen\SchuBS-Textadventure-Funktionen.csproj", "{71539ECE-B991-486F-9A0F-AA466114152D}"
EndProject
Global
	GlobalSection(SolutionConfigurationPlatforms) = preSolution
		Debug|Any CPU = Debug|Any CPU
		Release|Any CPU = Release|Any CPU
	EndGlobalSection
	GlobalSection(ProjectConfigurationPlatforms) = postSolution
		{2EA46F78-EC30-45A6-B33E-FBF26BB37CBE}.Debug|Any CPU.ActiveCfg = Debug|Any CPU
		{2EA46F78-EC30-45A6-B33E-FBF26BB37CBE}.Debug|Any CPU.Build.0 = Debug|Any CPU
		{2EA46F78-EC30-45A6-B33E-FBF26BB37CBE}.Release|Any CPU.ActiveCfg = Release|Any CPU
		{2EA46F78-EC30-45A6-B33E-FBF26BB37CBE}.Release|Any CPU.Build.0 = Release|Any CPU
		{71539ECE-B991-486F-9A0F-AA466114152D}.Debug|Any CPU.ActiveCfg = Debug|Any CPU
		{71539ECE-B991-486F-9A0F-AA466114152D}.Debug|Any CPU.Build.0 = Debug|Any CPU
		{71539ECE-B991-486F-9A0F-AA466114152D}.Release|Any CPU.ActiveCfg = Release|Any CPU
		{71539ECE-B991-486F-9A0F-AA466114152D}.Release|Any CPU.Build.0 = Release|Any CPU
	EndGlobalSection
	GlobalSection(SolutionProperties) = preSolution
		HideSolutionNode = FALSE
	EndGlobalSection
	GlobalSection(ExtensibilityGlobals) = postSolution
		SolutionGuid = {2EE3AC06-DE00-40CF-B9E3-6C51AA5FE974}
	EndGlobalSection
EndGlobal
